
Microsoft Visual Studio Solution File, Format Version 12.00
# Visual Studio 14
VisualStudioVersion = 14.0.25420.1
MinimumVisualStudioVersion = 10.0.40219.1
Project("{FAE04EC0-301F-11D3-BF4B-00C04F79EFBC}") = "RoleRequestStarter", "RoleRequestStarter\RoleRequestStarter.csproj", "{02381047-71AE-49B5-96DD-D007B1985F14}"
EndProject
Project("{FAE04EC0-301F-11D3-BF4B-00C04F79EFBC}") = "AIWolfLibCommon", "AIWolfLibCommon\AIWolfLibCommon.csproj", "{5831B857-0557-4DAF-960A-A75FA6FD9864}"
EndProject
Project("{FAE04EC0-301F-11D3-BF4B-00C04F79EFBC}") = "AIWolfLibClient", "AIWolfLibClient\AIWolfLibClient.csproj", "{F4F1A7A1-55C1-47FB-A3FE-CE17D413B054}"
EndProject
Project("{FAE04EC0-301F-11D3-BF4B-00C04F79EFBC}") = "AIWolfLibServer", "AIWolfLibServer\AIWolfLibServer.csproj", "{4BF4D2D8-5B3B-4E8D-9813-94A7920282BA}"
EndProject
Project("{FAE04EC0-301F-11D3-BF4B-00C04F79EFBC}") = "DirectStarter", "DirectStarter\DirectStarter.csproj", "{5ADB56F7-F775-47F5-A346-E4A35888AC78}"
EndProject
Project("{FAE04EC0-301F-11D3-BF4B-00C04F79EFBC}") = "ServerStarter", "ServerStarter\ServerStarter.csproj", "{F52261F5-67EB-4E62-8A85-ABA5E328D5F8}"
EndProject
Project("{FAE04EC0-301F-11D3-BF4B-00C04F79EFBC}") = "ClientStarter", "ClientStarter\ClientStarter.csproj", "{4D126CCD-7614-49C2-8652-7C2BE3D45CAF}"
EndProject
Project("{FAE04EC0-301F-11D3-BF4B-00C04F79EFBC}") = "AgentTester", "AgentTester\AgentTester.csproj", "{530DF815-8E91-4C95-89A5-D237B2AD6378}"
EndProject
Project("{8BC9CEB8-8B4A-11D0-8D11-00A0C91BC942}") = "NativeWrapper", "NativeWrapper\NativeWrapper.vcxproj", "{0C577D0D-5704-4619-8984-4CA897C0772E}"
EndProject
Project("{FAE04EC0-301F-11D3-BF4B-00C04F79EFBC}") = "NativePlayer", "NativePlayer\NativePlayer.csproj", "{8B0CF56E-59F4-4E13-9688-8310EDB52119}"
EndProject
Project("{FAE04EC0-301F-11D3-BF4B-00C04F79EFBC}") = "CSWrapper", "CSWrapper\CSWrapper.csproj", "{B5E80142-E1D8-4240-9613-F299B81BA655}"
EndProject
Project("{F184B08F-C81C-45F6-A57F-5ABD9991F28F}") = "VBPlayer", "VBPlayer\VBPlayer.vbproj", "{74BB9A26-5EE6-47D7-AB39-941F7197CEE9}"
EndProject
Project("{FAE04EC0-301F-11D3-BF4B-00C04F79EFBC}") = "CSPlayer", "CSPlayer\CSPlayer.csproj", "{C1AC6B18-C0E3-4B6F-B772-413F147139BB}"
EndProject
Project("{8BC9CEB8-8B4A-11D0-8D11-00A0C91BC942}") = "CLIPlayer", "CLIPlayer\CLIPlayer.vcxproj", "{C79F20BA-C774-4469-B292-47B0EE7AB27B}"
EndProject
Project("{888888A0-9F3D-457C-B088-3A5042F75D52}") = "PythonPlayer", "PythonPlayer\PythonPlayer.pyproj", "{FDF93A79-766D-45E5-845F-07CB31CE0D81}"
EndProject
Project("{FAE04EC0-301F-11D3-BF4B-00C04F79EFBC}") = "WrapPythonPlayer", "WrapPythonPlayer\WrapPythonPlayer.csproj", "{BE824C0F-1A0A-4B93-A5CD-FBA6AC8BACCA}"
EndProject
Project("{FAE04EC0-301F-11D3-BF4B-00C04F79EFBC}") = "EZStarter", "EZStarter\EZStarter.csproj", "{4D9FF3D5-5709-47F5-975C-4B487B6FF2A8}"
EndProject
Project("{D954291E-2A0B-460D-934E-DC6B0785DB48}") = "AIWolfLibCommonShared", "AIWolfLibCommonShared\AIWolfLibCommonShared.shproj", "{5E2E5F6B-641D-40D8-A142-4A420DF08690}"
EndProject
Project("{D954291E-2A0B-460D-934E-DC6B0785DB48}") = "AIWolfLibServerShared", "AIWolfLibServerShared\AIWolfLibServerShared.shproj", "{36AD42D5-9A0F-40E7-8584-66AA1B64CA1C}"
EndProject
Project("{D954291E-2A0B-460D-934E-DC6B0785DB48}") = "AIWolfLibClientShared", "AIWolfLibClientShared\AIWolfLibClientShared.shproj", "{A5494E0A-264B-4BF7-8017-2E41B8F82FE1}"
EndProject
Project("{FAE04EC0-301F-11D3-BF4B-00C04F79EFBC}") = "TcpipAgentTester", "TcpipAgentTester\TcpipAgentTester.csproj", "{E329B71F-D3D3-4394-AEBB-2F1C265A6117}"
EndProject
Project("{FAE04EC0-301F-11D3-BF4B-00C04F79EFBC}") = "AIWolfLibCommonUWP", "AIWolfLibCommonUWP\AIWolfLibCommonUWP.csproj", "{DFCB3DCF-9989-497D-8CFB-08B2B681065A}"
EndProject
Project("{FAE04EC0-301F-11D3-BF4B-00C04F79EFBC}") = "TcpipAgentTesterUWP", "TcpipAgentTesterUWP\TcpipAgentTesterUWP.csproj", "{5DDFAB3E-CD2E-4BA7-9EEF-C2424ABA77BD}"
EndProject
Project("{2150E333-8FDC-42A3-9474-1A3956D46DE8}") = "Solution Items", "Solution Items", "{E2B880BF-D95D-40E0-96DE-2CC477441FDF}"
	ProjectSection(SolutionItems) = preProject
		LICENSE = LICENSE
		README.md = README.md
	EndProjectSection
EndProject
Global
	GlobalSection(SharedMSBuildProjectFiles) = preSolution
		AIWolfLibServerShared\AIWolfLibServerShared.projitems*{36ad42d5-9a0f-40e7-8584-66aa1b64ca1c}*SharedItemsImports = 13
		AIWolfLibServerShared\AIWolfLibServerShared.projitems*{4bf4d2d8-5b3b-4e8d-9813-94a7920282ba}*SharedItemsImports = 4
		AIWolfLibCommonShared\AIWolfLibCommonShared.projitems*{5831b857-0557-4daf-960a-a75fa6fd9864}*SharedItemsImports = 4
		AIWolfLibCommonShared\AIWolfLibCommonShared.projitems*{5e2e5f6b-641d-40d8-a142-4a420df08690}*SharedItemsImports = 13
		AIWolfLibClientShared\AIWolfLibClientShared.projitems*{a5494e0a-264b-4bf7-8017-2e41b8f82fe1}*SharedItemsImports = 13
		AIWolfLibCommonShared\AIWolfLibCommonShared.projitems*{dfcb3dcf-9989-497d-8cfb-08b2b681065a}*SharedItemsImports = 4
		AIWolfLibClientShared\AIWolfLibClientShared.projitems*{f4f1a7a1-55c1-47fb-a3fe-ce17d413b054}*SharedItemsImports = 4
	EndGlobalSection
	GlobalSection(SolutionConfigurationPlatforms) = preSolution
		Debug|Any CPU = Debug|Any CPU
		Debug|ARM = Debug|ARM
		Debug|x64 = Debug|x64
		Debug|x86 = Debug|x86
		Release|Any CPU = Release|Any CPU
		Release|ARM = Release|ARM
		Release|x64 = Release|x64
		Release|x86 = Release|x86
	EndGlobalSection
	GlobalSection(ProjectConfigurationPlatforms) = postSolution
		{02381047-71AE-49B5-96DD-D007B1985F14}.Debug|Any CPU.ActiveCfg = Debug|Any CPU
		{02381047-71AE-49B5-96DD-D007B1985F14}.Debug|Any CPU.Build.0 = Debug|Any CPU
		{02381047-71AE-49B5-96DD-D007B1985F14}.Debug|ARM.ActiveCfg = Debug|Any CPU
		{02381047-71AE-49B5-96DD-D007B1985F14}.Debug|ARM.Build.0 = Debug|Any CPU
		{02381047-71AE-49B5-96DD-D007B1985F14}.Debug|x64.ActiveCfg = Debug|Any CPU
		{02381047-71AE-49B5-96DD-D007B1985F14}.Debug|x64.Build.0 = Debug|Any CPU
		{02381047-71AE-49B5-96DD-D007B1985F14}.Debug|x86.ActiveCfg = Debug|Any CPU
		{02381047-71AE-49B5-96DD-D007B1985F14}.Debug|x86.Build.0 = Debug|Any CPU
		{02381047-71AE-49B5-96DD-D007B1985F14}.Release|Any CPU.ActiveCfg = Release|Any CPU
		{02381047-71AE-49B5-96DD-D007B1985F14}.Release|Any CPU.Build.0 = Release|Any CPU
		{02381047-71AE-49B5-96DD-D007B1985F14}.Release|ARM.ActiveCfg = Release|Any CPU
		{02381047-71AE-49B5-96DD-D007B1985F14}.Release|ARM.Build.0 = Release|Any CPU
		{02381047-71AE-49B5-96DD-D007B1985F14}.Release|x64.ActiveCfg = Release|Any CPU
		{02381047-71AE-49B5-96DD-D007B1985F14}.Release|x64.Build.0 = Release|Any CPU
		{02381047-71AE-49B5-96DD-D007B1985F14}.Release|x86.ActiveCfg = Release|Any CPU
		{02381047-71AE-49B5-96DD-D007B1985F14}.Release|x86.Build.0 = Release|Any CPU
		{5831B857-0557-4DAF-960A-A75FA6FD9864}.Debug|Any CPU.ActiveCfg = Debug|Any CPU
		{5831B857-0557-4DAF-960A-A75FA6FD9864}.Debug|Any CPU.Build.0 = Debug|Any CPU
		{5831B857-0557-4DAF-960A-A75FA6FD9864}.Debug|ARM.ActiveCfg = Debug|Any CPU
		{5831B857-0557-4DAF-960A-A75FA6FD9864}.Debug|ARM.Build.0 = Debug|Any CPU
		{5831B857-0557-4DAF-960A-A75FA6FD9864}.Debug|x64.ActiveCfg = Debug|Any CPU
		{5831B857-0557-4DAF-960A-A75FA6FD9864}.Debug|x64.Build.0 = Debug|Any CPU
		{5831B857-0557-4DAF-960A-A75FA6FD9864}.Debug|x86.ActiveCfg = Debug|Any CPU
		{5831B857-0557-4DAF-960A-A75FA6FD9864}.Debug|x86.Build.0 = Debug|Any CPU
		{5831B857-0557-4DAF-960A-A75FA6FD9864}.Release|Any CPU.ActiveCfg = Release|Any CPU
		{5831B857-0557-4DAF-960A-A75FA6FD9864}.Release|Any CPU.Build.0 = Release|Any CPU
		{5831B857-0557-4DAF-960A-A75FA6FD9864}.Release|ARM.ActiveCfg = Release|Any CPU
		{5831B857-0557-4DAF-960A-A75FA6FD9864}.Release|ARM.Build.0 = Release|Any CPU
		{5831B857-0557-4DAF-960A-A75FA6FD9864}.Release|x64.ActiveCfg = Release|Any CPU
		{5831B857-0557-4DAF-960A-A75FA6FD9864}.Release|x64.Build.0 = Release|Any CPU
		{5831B857-0557-4DAF-960A-A75FA6FD9864}.Release|x86.ActiveCfg = Release|Any CPU
		{5831B857-0557-4DAF-960A-A75FA6FD9864}.Release|x86.Build.0 = Release|Any CPU
		{F4F1A7A1-55C1-47FB-A3FE-CE17D413B054}.Debug|Any CPU.ActiveCfg = Debug|Any CPU
		{F4F1A7A1-55C1-47FB-A3FE-CE17D413B054}.Debug|Any CPU.Build.0 = Debug|Any CPU
		{F4F1A7A1-55C1-47FB-A3FE-CE17D413B054}.Debug|ARM.ActiveCfg = Debug|Any CPU
		{F4F1A7A1-55C1-47FB-A3FE-CE17D413B054}.Debug|ARM.Build.0 = Debug|Any CPU
		{F4F1A7A1-55C1-47FB-A3FE-CE17D413B054}.Debug|x64.ActiveCfg = Debug|Any CPU
		{F4F1A7A1-55C1-47FB-A3FE-CE17D413B054}.Debug|x64.Build.0 = Debug|Any CPU
		{F4F1A7A1-55C1-47FB-A3FE-CE17D413B054}.Debug|x86.ActiveCfg = Debug|Any CPU
		{F4F1A7A1-55C1-47FB-A3FE-CE17D413B054}.Debug|x86.Build.0 = Debug|Any CPU
		{F4F1A7A1-55C1-47FB-A3FE-CE17D413B054}.Release|Any CPU.ActiveCfg = Release|Any CPU
		{F4F1A7A1-55C1-47FB-A3FE-CE17D413B054}.Release|Any CPU.Build.0 = Release|Any CPU
		{F4F1A7A1-55C1-47FB-A3FE-CE17D413B054}.Release|ARM.ActiveCfg = Release|Any CPU
		{F4F1A7A1-55C1-47FB-A3FE-CE17D413B054}.Release|ARM.Build.0 = Release|Any CPU
		{F4F1A7A1-55C1-47FB-A3FE-CE17D413B054}.Release|x64.ActiveCfg = Release|Any CPU
		{F4F1A7A1-55C1-47FB-A3FE-CE17D413B054}.Release|x64.Build.0 = Release|Any CPU
		{F4F1A7A1-55C1-47FB-A3FE-CE17D413B054}.Release|x86.ActiveCfg = Release|Any CPU
		{F4F1A7A1-55C1-47FB-A3FE-CE17D413B054}.Release|x86.Build.0 = Release|Any CPU
		{4BF4D2D8-5B3B-4E8D-9813-94A7920282BA}.Debug|Any CPU.ActiveCfg = Debug|Any CPU
		{4BF4D2D8-5B3B-4E8D-9813-94A7920282BA}.Debug|Any CPU.Build.0 = Debug|Any CPU
		{4BF4D2D8-5B3B-4E8D-9813-94A7920282BA}.Debug|ARM.ActiveCfg = Debug|Any CPU
		{4BF4D2D8-5B3B-4E8D-9813-94A7920282BA}.Debug|ARM.Build.0 = Debug|Any CPU
		{4BF4D2D8-5B3B-4E8D-9813-94A7920282BA}.Debug|x64.ActiveCfg = Debug|Any CPU
		{4BF4D2D8-5B3B-4E8D-9813-94A7920282BA}.Debug|x64.Build.0 = Debug|Any CPU
		{4BF4D2D8-5B3B-4E8D-9813-94A7920282BA}.Debug|x86.ActiveCfg = Debug|Any CPU
		{4BF4D2D8-5B3B-4E8D-9813-94A7920282BA}.Debug|x86.Build.0 = Debug|Any CPU
		{4BF4D2D8-5B3B-4E8D-9813-94A7920282BA}.Release|Any CPU.ActiveCfg = Release|Any CPU
		{4BF4D2D8-5B3B-4E8D-9813-94A7920282BA}.Release|Any CPU.Build.0 = Release|Any CPU
		{4BF4D2D8-5B3B-4E8D-9813-94A7920282BA}.Release|ARM.ActiveCfg = Release|Any CPU
		{4BF4D2D8-5B3B-4E8D-9813-94A7920282BA}.Release|ARM.Build.0 = Release|Any CPU
		{4BF4D2D8-5B3B-4E8D-9813-94A7920282BA}.Release|x64.ActiveCfg = Release|Any CPU
		{4BF4D2D8-5B3B-4E8D-9813-94A7920282BA}.Release|x64.Build.0 = Release|Any CPU
		{4BF4D2D8-5B3B-4E8D-9813-94A7920282BA}.Release|x86.ActiveCfg = Release|Any CPU
		{4BF4D2D8-5B3B-4E8D-9813-94A7920282BA}.Release|x86.Build.0 = Release|Any CPU
		{5ADB56F7-F775-47F5-A346-E4A35888AC78}.Debug|Any CPU.ActiveCfg = Debug|Any CPU
		{5ADB56F7-F775-47F5-A346-E4A35888AC78}.Debug|Any CPU.Build.0 = Debug|Any CPU
		{5ADB56F7-F775-47F5-A346-E4A35888AC78}.Debug|ARM.ActiveCfg = Debug|Any CPU
		{5ADB56F7-F775-47F5-A346-E4A35888AC78}.Debug|ARM.Build.0 = Debug|Any CPU
		{5ADB56F7-F775-47F5-A346-E4A35888AC78}.Debug|x64.ActiveCfg = Debug|Any CPU
		{5ADB56F7-F775-47F5-A346-E4A35888AC78}.Debug|x64.Build.0 = Debug|Any CPU
		{5ADB56F7-F775-47F5-A346-E4A35888AC78}.Debug|x86.ActiveCfg = Debug|Any CPU
		{5ADB56F7-F775-47F5-A346-E4A35888AC78}.Debug|x86.Build.0 = Debug|Any CPU
		{5ADB56F7-F775-47F5-A346-E4A35888AC78}.Release|Any CPU.ActiveCfg = Release|Any CPU
		{5ADB56F7-F775-47F5-A346-E4A35888AC78}.Release|Any CPU.Build.0 = Release|Any CPU
		{5ADB56F7-F775-47F5-A346-E4A35888AC78}.Release|ARM.ActiveCfg = Release|Any CPU
		{5ADB56F7-F775-47F5-A346-E4A35888AC78}.Release|ARM.Build.0 = Release|Any CPU
		{5ADB56F7-F775-47F5-A346-E4A35888AC78}.Release|x64.ActiveCfg = Release|Any CPU
		{5ADB56F7-F775-47F5-A346-E4A35888AC78}.Release|x64.Build.0 = Release|Any CPU
		{5ADB56F7-F775-47F5-A346-E4A35888AC78}.Release|x86.ActiveCfg = Release|Any CPU
		{5ADB56F7-F775-47F5-A346-E4A35888AC78}.Release|x86.Build.0 = Release|Any CPU
		{F52261F5-67EB-4E62-8A85-ABA5E328D5F8}.Debug|Any CPU.ActiveCfg = Debug|Any CPU
		{F52261F5-67EB-4E62-8A85-ABA5E328D5F8}.Debug|Any CPU.Build.0 = Debug|Any CPU
		{F52261F5-67EB-4E62-8A85-ABA5E328D5F8}.Debug|ARM.ActiveCfg = Debug|Any CPU
		{F52261F5-67EB-4E62-8A85-ABA5E328D5F8}.Debug|ARM.Build.0 = Debug|Any CPU
		{F52261F5-67EB-4E62-8A85-ABA5E328D5F8}.Debug|x64.ActiveCfg = Debug|Any CPU
		{F52261F5-67EB-4E62-8A85-ABA5E328D5F8}.Debug|x64.Build.0 = Debug|Any CPU
		{F52261F5-67EB-4E62-8A85-ABA5E328D5F8}.Debug|x86.ActiveCfg = Debug|Any CPU
		{F52261F5-67EB-4E62-8A85-ABA5E328D5F8}.Debug|x86.Build.0 = Debug|Any CPU
		{F52261F5-67EB-4E62-8A85-ABA5E328D5F8}.Release|Any CPU.ActiveCfg = Release|Any CPU
		{F52261F5-67EB-4E62-8A85-ABA5E328D5F8}.Release|Any CPU.Build.0 = Release|Any CPU
		{F52261F5-67EB-4E62-8A85-ABA5E328D5F8}.Release|ARM.ActiveCfg = Release|Any CPU
		{F52261F5-67EB-4E62-8A85-ABA5E328D5F8}.Release|ARM.Build.0 = Release|Any CPU
		{F52261F5-67EB-4E62-8A85-ABA5E328D5F8}.Release|x64.ActiveCfg = Release|Any CPU
		{F52261F5-67EB-4E62-8A85-ABA5E328D5F8}.Release|x64.Build.0 = Release|Any CPU
		{F52261F5-67EB-4E62-8A85-ABA5E328D5F8}.Release|x86.ActiveCfg = Release|Any CPU
		{F52261F5-67EB-4E62-8A85-ABA5E328D5F8}.Release|x86.Build.0 = Release|Any CPU
		{4D126CCD-7614-49C2-8652-7C2BE3D45CAF}.Debug|Any CPU.ActiveCfg = Debug|Any CPU
		{4D126CCD-7614-49C2-8652-7C2BE3D45CAF}.Debug|Any CPU.Build.0 = Debug|Any CPU
		{4D126CCD-7614-49C2-8652-7C2BE3D45CAF}.Debug|ARM.ActiveCfg = Debug|Any CPU
		{4D126CCD-7614-49C2-8652-7C2BE3D45CAF}.Debug|ARM.Build.0 = Debug|Any CPU
		{4D126CCD-7614-49C2-8652-7C2BE3D45CAF}.Debug|x64.ActiveCfg = Debug|Any CPU
		{4D126CCD-7614-49C2-8652-7C2BE3D45CAF}.Debug|x64.Build.0 = Debug|Any CPU
		{4D126CCD-7614-49C2-8652-7C2BE3D45CAF}.Debug|x86.ActiveCfg = Debug|Any CPU
		{4D126CCD-7614-49C2-8652-7C2BE3D45CAF}.Debug|x86.Build.0 = Debug|Any CPU
		{4D126CCD-7614-49C2-8652-7C2BE3D45CAF}.Release|Any CPU.ActiveCfg = Release|Any CPU
		{4D126CCD-7614-49C2-8652-7C2BE3D45CAF}.Release|Any CPU.Build.0 = Release|Any CPU
		{4D126CCD-7614-49C2-8652-7C2BE3D45CAF}.Release|ARM.ActiveCfg = Release|Any CPU
		{4D126CCD-7614-49C2-8652-7C2BE3D45CAF}.Release|ARM.Build.0 = Release|Any CPU
		{4D126CCD-7614-49C2-8652-7C2BE3D45CAF}.Release|x64.ActiveCfg = Release|Any CPU
		{4D126CCD-7614-49C2-8652-7C2BE3D45CAF}.Release|x64.Build.0 = Release|Any CPU
		{4D126CCD-7614-49C2-8652-7C2BE3D45CAF}.Release|x86.ActiveCfg = Release|Any CPU
		{4D126CCD-7614-49C2-8652-7C2BE3D45CAF}.Release|x86.Build.0 = Release|Any CPU
		{530DF815-8E91-4C95-89A5-D237B2AD6378}.Debug|Any CPU.ActiveCfg = Debug|Any CPU
		{530DF815-8E91-4C95-89A5-D237B2AD6378}.Debug|Any CPU.Build.0 = Debug|Any CPU
		{530DF815-8E91-4C95-89A5-D237B2AD6378}.Debug|ARM.ActiveCfg = Debug|Any CPU
		{530DF815-8E91-4C95-89A5-D237B2AD6378}.Debug|ARM.Build.0 = Debug|Any CPU
		{530DF815-8E91-4C95-89A5-D237B2AD6378}.Debug|x64.ActiveCfg = Debug|Any CPU
		{530DF815-8E91-4C95-89A5-D237B2AD6378}.Debug|x64.Build.0 = Debug|Any CPU
		{530DF815-8E91-4C95-89A5-D237B2AD6378}.Debug|x86.ActiveCfg = Debug|Any CPU
		{530DF815-8E91-4C95-89A5-D237B2AD6378}.Debug|x86.Build.0 = Debug|Any CPU
		{530DF815-8E91-4C95-89A5-D237B2AD6378}.Release|Any CPU.ActiveCfg = Release|Any CPU
		{530DF815-8E91-4C95-89A5-D237B2AD6378}.Release|Any CPU.Build.0 = Release|Any CPU
		{530DF815-8E91-4C95-89A5-D237B2AD6378}.Release|ARM.ActiveCfg = Release|Any CPU
		{530DF815-8E91-4C95-89A5-D237B2AD6378}.Release|ARM.Build.0 = Release|Any CPU
		{530DF815-8E91-4C95-89A5-D237B2AD6378}.Release|x64.ActiveCfg = Release|Any CPU
		{530DF815-8E91-4C95-89A5-D237B2AD6378}.Release|x64.Build.0 = Release|Any CPU
		{530DF815-8E91-4C95-89A5-D237B2AD6378}.Release|x86.ActiveCfg = Release|Any CPU
		{530DF815-8E91-4C95-89A5-D237B2AD6378}.Release|x86.Build.0 = Release|Any CPU
		{0C577D0D-5704-4619-8984-4CA897C0772E}.Debug|Any CPU.ActiveCfg = Debug|Win32
		{0C577D0D-5704-4619-8984-4CA897C0772E}.Debug|ARM.ActiveCfg = Debug|Win32
		{0C577D0D-5704-4619-8984-4CA897C0772E}.Debug|x64.ActiveCfg = Debug|x64
		{0C577D0D-5704-4619-8984-4CA897C0772E}.Debug|x64.Build.0 = Debug|x64
		{0C577D0D-5704-4619-8984-4CA897C0772E}.Debug|x86.ActiveCfg = Debug|Win32
		{0C577D0D-5704-4619-8984-4CA897C0772E}.Debug|x86.Build.0 = Debug|Win32
		{0C577D0D-5704-4619-8984-4CA897C0772E}.Release|Any CPU.ActiveCfg = Release|Win32
		{0C577D0D-5704-4619-8984-4CA897C0772E}.Release|ARM.ActiveCfg = Release|Win32
		{0C577D0D-5704-4619-8984-4CA897C0772E}.Release|x64.ActiveCfg = Release|x64
		{0C577D0D-5704-4619-8984-4CA897C0772E}.Release|x64.Build.0 = Release|x64
		{0C577D0D-5704-4619-8984-4CA897C0772E}.Release|x86.ActiveCfg = Release|Win32
		{0C577D0D-5704-4619-8984-4CA897C0772E}.Release|x86.Build.0 = Release|Win32
		{8B0CF56E-59F4-4E13-9688-8310EDB52119}.Debug|Any CPU.ActiveCfg = Debug|Any CPU
		{8B0CF56E-59F4-4E13-9688-8310EDB52119}.Debug|Any CPU.Build.0 = Debug|Any CPU
		{8B0CF56E-59F4-4E13-9688-8310EDB52119}.Debug|ARM.ActiveCfg = Debug|Any CPU
		{8B0CF56E-59F4-4E13-9688-8310EDB52119}.Debug|ARM.Build.0 = Debug|Any CPU
		{8B0CF56E-59F4-4E13-9688-8310EDB52119}.Debug|x64.ActiveCfg = Debug|Any CPU
		{8B0CF56E-59F4-4E13-9688-8310EDB52119}.Debug|x64.Build.0 = Debug|Any CPU
		{8B0CF56E-59F4-4E13-9688-8310EDB52119}.Debug|x86.ActiveCfg = Debug|Any CPU
		{8B0CF56E-59F4-4E13-9688-8310EDB52119}.Debug|x86.Build.0 = Debug|Any CPU
		{8B0CF56E-59F4-4E13-9688-8310EDB52119}.Release|Any CPU.ActiveCfg = Release|Any CPU
		{8B0CF56E-59F4-4E13-9688-8310EDB52119}.Release|Any CPU.Build.0 = Release|Any CPU
		{8B0CF56E-59F4-4E13-9688-8310EDB52119}.Release|ARM.ActiveCfg = Release|Any CPU
		{8B0CF56E-59F4-4E13-9688-8310EDB52119}.Release|ARM.Build.0 = Release|Any CPU
		{8B0CF56E-59F4-4E13-9688-8310EDB52119}.Release|x64.ActiveCfg = Release|Any CPU
		{8B0CF56E-59F4-4E13-9688-8310EDB52119}.Release|x64.Build.0 = Release|Any CPU
		{8B0CF56E-59F4-4E13-9688-8310EDB52119}.Release|x86.ActiveCfg = Release|Any CPU
		{8B0CF56E-59F4-4E13-9688-8310EDB52119}.Release|x86.Build.0 = Release|Any CPU
		{B5E80142-E1D8-4240-9613-F299B81BA655}.Debug|Any CPU.ActiveCfg = Debug|Any CPU
		{B5E80142-E1D8-4240-9613-F299B81BA655}.Debug|Any CPU.Build.0 = Debug|Any CPU
		{B5E80142-E1D8-4240-9613-F299B81BA655}.Debug|ARM.ActiveCfg = Debug|Any CPU
		{B5E80142-E1D8-4240-9613-F299B81BA655}.Debug|ARM.Build.0 = Debug|Any CPU
		{B5E80142-E1D8-4240-9613-F299B81BA655}.Debug|x64.ActiveCfg = Debug|Any CPU
		{B5E80142-E1D8-4240-9613-F299B81BA655}.Debug|x64.Build.0 = Debug|Any CPU
		{B5E80142-E1D8-4240-9613-F299B81BA655}.Debug|x86.ActiveCfg = Debug|Any CPU
		{B5E80142-E1D8-4240-9613-F299B81BA655}.Debug|x86.Build.0 = Debug|Any CPU
		{B5E80142-E1D8-4240-9613-F299B81BA655}.Release|Any CPU.ActiveCfg = Release|Any CPU
		{B5E80142-E1D8-4240-9613-F299B81BA655}.Release|Any CPU.Build.0 = Release|Any CPU
		{B5E80142-E1D8-4240-9613-F299B81BA655}.Release|ARM.ActiveCfg = Release|Any CPU
		{B5E80142-E1D8-4240-9613-F299B81BA655}.Release|ARM.Build.0 = Release|Any CPU
		{B5E80142-E1D8-4240-9613-F299B81BA655}.Release|x64.ActiveCfg = Release|Any CPU
		{B5E80142-E1D8-4240-9613-F299B81BA655}.Release|x64.Build.0 = Release|Any CPU
		{B5E80142-E1D8-4240-9613-F299B81BA655}.Release|x86.ActiveCfg = Release|Any CPU
		{B5E80142-E1D8-4240-9613-F299B81BA655}.Release|x86.Build.0 = Release|Any CPU
		{74BB9A26-5EE6-47D7-AB39-941F7197CEE9}.Debug|Any CPU.ActiveCfg = Debug|Any CPU
		{74BB9A26-5EE6-47D7-AB39-941F7197CEE9}.Debug|Any CPU.Build.0 = Debug|Any CPU
		{74BB9A26-5EE6-47D7-AB39-941F7197CEE9}.Debug|ARM.ActiveCfg = Debug|Any CPU
		{74BB9A26-5EE6-47D7-AB39-941F7197CEE9}.Debug|ARM.Build.0 = Debug|Any CPU
		{74BB9A26-5EE6-47D7-AB39-941F7197CEE9}.Debug|x64.ActiveCfg = Debug|Any CPU
		{74BB9A26-5EE6-47D7-AB39-941F7197CEE9}.Debug|x64.Build.0 = Debug|Any CPU
		{74BB9A26-5EE6-47D7-AB39-941F7197CEE9}.Debug|x86.ActiveCfg = Debug|Any CPU
		{74BB9A26-5EE6-47D7-AB39-941F7197CEE9}.Debug|x86.Build.0 = Debug|Any CPU
		{74BB9A26-5EE6-47D7-AB39-941F7197CEE9}.Release|Any CPU.ActiveCfg = Release|Any CPU
		{74BB9A26-5EE6-47D7-AB39-941F7197CEE9}.Release|Any CPU.Build.0 = Release|Any CPU
		{74BB9A26-5EE6-47D7-AB39-941F7197CEE9}.Release|ARM.ActiveCfg = Release|Any CPU
		{74BB9A26-5EE6-47D7-AB39-941F7197CEE9}.Release|ARM.Build.0 = Release|Any CPU
		{74BB9A26-5EE6-47D7-AB39-941F7197CEE9}.Release|x64.ActiveCfg = Release|Any CPU
		{74BB9A26-5EE6-47D7-AB39-941F7197CEE9}.Release|x64.Build.0 = Release|Any CPU
		{74BB9A26-5EE6-47D7-AB39-941F7197CEE9}.Release|x86.ActiveCfg = Release|Any CPU
		{74BB9A26-5EE6-47D7-AB39-941F7197CEE9}.Release|x86.Build.0 = Release|Any CPU
		{C1AC6B18-C0E3-4B6F-B772-413F147139BB}.Debug|Any CPU.ActiveCfg = Debug|Any CPU
		{C1AC6B18-C0E3-4B6F-B772-413F147139BB}.Debug|Any CPU.Build.0 = Debug|Any CPU
		{C1AC6B18-C0E3-4B6F-B772-413F147139BB}.Debug|ARM.ActiveCfg = Debug|Any CPU
		{C1AC6B18-C0E3-4B6F-B772-413F147139BB}.Debug|ARM.Build.0 = Debug|Any CPU
		{C1AC6B18-C0E3-4B6F-B772-413F147139BB}.Debug|x64.ActiveCfg = Debug|Any CPU
		{C1AC6B18-C0E3-4B6F-B772-413F147139BB}.Debug|x64.Build.0 = Debug|Any CPU
		{C1AC6B18-C0E3-4B6F-B772-413F147139BB}.Debug|x86.ActiveCfg = Debug|Any CPU
		{C1AC6B18-C0E3-4B6F-B772-413F147139BB}.Debug|x86.Build.0 = Debug|Any CPU
		{C1AC6B18-C0E3-4B6F-B772-413F147139BB}.Release|Any CPU.ActiveCfg = Release|Any CPU
		{C1AC6B18-C0E3-4B6F-B772-413F147139BB}.Release|Any CPU.Build.0 = Release|Any CPU
		{C1AC6B18-C0E3-4B6F-B772-413F147139BB}.Release|ARM.ActiveCfg = Release|Any CPU
		{C1AC6B18-C0E3-4B6F-B772-413F147139BB}.Release|ARM.Build.0 = Release|Any CPU
		{C1AC6B18-C0E3-4B6F-B772-413F147139BB}.Release|x64.ActiveCfg = Release|Any CPU
		{C1AC6B18-C0E3-4B6F-B772-413F147139BB}.Release|x64.Build.0 = Release|Any CPU
		{C1AC6B18-C0E3-4B6F-B772-413F147139BB}.Release|x86.ActiveCfg = Release|Any CPU
		{C1AC6B18-C0E3-4B6F-B772-413F147139BB}.Release|x86.Build.0 = Release|Any CPU
		{C79F20BA-C774-4469-B292-47B0EE7AB27B}.Debug|Any CPU.ActiveCfg = Debug|Win32
		{C79F20BA-C774-4469-B292-47B0EE7AB27B}.Debug|ARM.ActiveCfg = Debug|Win32
		{C79F20BA-C774-4469-B292-47B0EE7AB27B}.Debug|x64.ActiveCfg = Debug|x64
		{C79F20BA-C774-4469-B292-47B0EE7AB27B}.Debug|x64.Build.0 = Debug|x64
		{C79F20BA-C774-4469-B292-47B0EE7AB27B}.Debug|x86.ActiveCfg = Debug|Win32
		{C79F20BA-C774-4469-B292-47B0EE7AB27B}.Debug|x86.Build.0 = Debug|Win32
		{C79F20BA-C774-4469-B292-47B0EE7AB27B}.Release|Any CPU.ActiveCfg = Release|Win32
		{C79F20BA-C774-4469-B292-47B0EE7AB27B}.Release|ARM.ActiveCfg = Release|Win32
		{C79F20BA-C774-4469-B292-47B0EE7AB27B}.Release|x64.ActiveCfg = Release|x64
		{C79F20BA-C774-4469-B292-47B0EE7AB27B}.Release|x64.Build.0 = Release|x64
		{C79F20BA-C774-4469-B292-47B0EE7AB27B}.Release|x86.ActiveCfg = Release|Win32
		{C79F20BA-C774-4469-B292-47B0EE7AB27B}.Release|x86.Build.0 = Release|Win32
		{FDF93A79-766D-45E5-845F-07CB31CE0D81}.Debug|Any CPU.ActiveCfg = Debug|Any CPU
		{FDF93A79-766D-45E5-845F-07CB31CE0D81}.Debug|ARM.ActiveCfg = Debug|Any CPU
		{FDF93A79-766D-45E5-845F-07CB31CE0D81}.Debug|x64.ActiveCfg = Debug|Any CPU
		{FDF93A79-766D-45E5-845F-07CB31CE0D81}.Debug|x86.ActiveCfg = Debug|Any CPU
		{FDF93A79-766D-45E5-845F-07CB31CE0D81}.Release|Any CPU.ActiveCfg = Release|Any CPU
		{FDF93A79-766D-45E5-845F-07CB31CE0D81}.Release|ARM.ActiveCfg = Release|Any CPU
		{FDF93A79-766D-45E5-845F-07CB31CE0D81}.Release|x64.ActiveCfg = Release|Any CPU
		{FDF93A79-766D-45E5-845F-07CB31CE0D81}.Release|x86.ActiveCfg = Release|Any CPU
		{BE824C0F-1A0A-4B93-A5CD-FBA6AC8BACCA}.Debug|Any CPU.ActiveCfg = Debug|Any CPU
		{BE824C0F-1A0A-4B93-A5CD-FBA6AC8BACCA}.Debug|Any CPU.Build.0 = Debug|Any CPU
		{BE824C0F-1A0A-4B93-A5CD-FBA6AC8BACCA}.Debug|ARM.ActiveCfg = Debug|Any CPU
		{BE824C0F-1A0A-4B93-A5CD-FBA6AC8BACCA}.Debug|ARM.Build.0 = Debug|Any CPU
		{BE824C0F-1A0A-4B93-A5CD-FBA6AC8BACCA}.Debug|x64.ActiveCfg = Debug|Any CPU
		{BE824C0F-1A0A-4B93-A5CD-FBA6AC8BACCA}.Debug|x64.Build.0 = Debug|Any CPU
		{BE824C0F-1A0A-4B93-A5CD-FBA6AC8BACCA}.Debug|x86.ActiveCfg = Debug|Any CPU
		{BE824C0F-1A0A-4B93-A5CD-FBA6AC8BACCA}.Debug|x86.Build.0 = Debug|Any CPU
		{BE824C0F-1A0A-4B93-A5CD-FBA6AC8BACCA}.Release|Any CPU.ActiveCfg = Release|Any CPU
		{BE824C0F-1A0A-4B93-A5CD-FBA6AC8BACCA}.Release|Any CPU.Build.0 = Release|Any CPU
		{BE824C0F-1A0A-4B93-A5CD-FBA6AC8BACCA}.Release|ARM.ActiveCfg = Release|Any CPU
		{BE824C0F-1A0A-4B93-A5CD-FBA6AC8BACCA}.Release|ARM.Build.0 = Release|Any CPU
		{BE824C0F-1A0A-4B93-A5CD-FBA6AC8BACCA}.Release|x64.ActiveCfg = Release|Any CPU
		{BE824C0F-1A0A-4B93-A5CD-FBA6AC8BACCA}.Release|x64.Build.0 = Release|Any CPU
		{BE824C0F-1A0A-4B93-A5CD-FBA6AC8BACCA}.Release|x86.ActiveCfg = Release|Any CPU
		{BE824C0F-1A0A-4B93-A5CD-FBA6AC8BACCA}.Release|x86.Build.0 = Release|Any CPU
		{4D9FF3D5-5709-47F5-975C-4B487B6FF2A8}.Debug|Any CPU.ActiveCfg = Debug|Any CPU
		{4D9FF3D5-5709-47F5-975C-4B487B6FF2A8}.Debug|Any CPU.Build.0 = Debug|Any CPU
		{4D9FF3D5-5709-47F5-975C-4B487B6FF2A8}.Debug|ARM.ActiveCfg = Debug|Any CPU
		{4D9FF3D5-5709-47F5-975C-4B487B6FF2A8}.Debug|ARM.Build.0 = Debug|Any CPU
		{4D9FF3D5-5709-47F5-975C-4B487B6FF2A8}.Debug|x64.ActiveCfg = Debug|Any CPU
		{4D9FF3D5-5709-47F5-975C-4B487B6FF2A8}.Debug|x64.Build.0 = Debug|Any CPU
		{4D9FF3D5-5709-47F5-975C-4B487B6FF2A8}.Debug|x86.ActiveCfg = Debug|Any CPU
		{4D9FF3D5-5709-47F5-975C-4B487B6FF2A8}.Debug|x86.Build.0 = Debug|Any CPU
		{4D9FF3D5-5709-47F5-975C-4B487B6FF2A8}.Release|Any CPU.ActiveCfg = Release|Any CPU
		{4D9FF3D5-5709-47F5-975C-4B487B6FF2A8}.Release|Any CPU.Build.0 = Release|Any CPU
		{4D9FF3D5-5709-47F5-975C-4B487B6FF2A8}.Release|ARM.ActiveCfg = Release|Any CPU
		{4D9FF3D5-5709-47F5-975C-4B487B6FF2A8}.Release|ARM.Build.0 = Release|Any CPU
		{4D9FF3D5-5709-47F5-975C-4B487B6FF2A8}.Release|x64.ActiveCfg = Release|Any CPU
		{4D9FF3D5-5709-47F5-975C-4B487B6FF2A8}.Release|x64.Build.0 = Release|Any CPU
		{4D9FF3D5-5709-47F5-975C-4B487B6FF2A8}.Release|x86.ActiveCfg = Release|Any CPU
		{4D9FF3D5-5709-47F5-975C-4B487B6FF2A8}.Release|x86.Build.0 = Release|Any CPU
		{E329B71F-D3D3-4394-AEBB-2F1C265A6117}.Debug|Any CPU.ActiveCfg = Debug|Any CPU
		{E329B71F-D3D3-4394-AEBB-2F1C265A6117}.Debug|Any CPU.Build.0 = Debug|Any CPU
		{E329B71F-D3D3-4394-AEBB-2F1C265A6117}.Debug|ARM.ActiveCfg = Debug|Any CPU
		{E329B71F-D3D3-4394-AEBB-2F1C265A6117}.Debug|ARM.Build.0 = Debug|Any CPU
		{E329B71F-D3D3-4394-AEBB-2F1C265A6117}.Debug|x64.ActiveCfg = Debug|Any CPU
		{E329B71F-D3D3-4394-AEBB-2F1C265A6117}.Debug|x64.Build.0 = Debug|Any CPU
		{E329B71F-D3D3-4394-AEBB-2F1C265A6117}.Debug|x86.ActiveCfg = Debug|Any CPU
		{E329B71F-D3D3-4394-AEBB-2F1C265A6117}.Debug|x86.Build.0 = Debug|Any CPU
		{E329B71F-D3D3-4394-AEBB-2F1C265A6117}.Release|Any CPU.ActiveCfg = Release|Any CPU
		{E329B71F-D3D3-4394-AEBB-2F1C265A6117}.Release|Any CPU.Build.0 = Release|Any CPU
		{E329B71F-D3D3-4394-AEBB-2F1C265A6117}.Release|ARM.ActiveCfg = Release|Any CPU
		{E329B71F-D3D3-4394-AEBB-2F1C265A6117}.Release|ARM.Build.0 = Release|Any CPU
		{E329B71F-D3D3-4394-AEBB-2F1C265A6117}.Release|x64.ActiveCfg = Release|Any CPU
		{E329B71F-D3D3-4394-AEBB-2F1C265A6117}.Release|x64.Build.0 = Release|Any CPU
		{E329B71F-D3D3-4394-AEBB-2F1C265A6117}.Release|x86.ActiveCfg = Release|Any CPU
		{E329B71F-D3D3-4394-AEBB-2F1C265A6117}.Release|x86.Build.0 = Release|Any CPU
		{DFCB3DCF-9989-497D-8CFB-08B2B681065A}.Debug|Any CPU.ActiveCfg = Debug|Any CPU
		{DFCB3DCF-9989-497D-8CFB-08B2B681065A}.Debug|Any CPU.Build.0 = Debug|Any CPU
		{DFCB3DCF-9989-497D-8CFB-08B2B681065A}.Debug|ARM.ActiveCfg = Debug|ARM
		{DFCB3DCF-9989-497D-8CFB-08B2B681065A}.Debug|ARM.Build.0 = Debug|ARM
		{DFCB3DCF-9989-497D-8CFB-08B2B681065A}.Debug|x64.ActiveCfg = Debug|x64
		{DFCB3DCF-9989-497D-8CFB-08B2B681065A}.Debug|x64.Build.0 = Debug|x64
		{DFCB3DCF-9989-497D-8CFB-08B2B681065A}.Debug|x86.ActiveCfg = Debug|x86
		{DFCB3DCF-9989-497D-8CFB-08B2B681065A}.Debug|x86.Build.0 = Debug|x86
		{DFCB3DCF-9989-497D-8CFB-08B2B681065A}.Release|Any CPU.ActiveCfg = Release|Any CPU
		{DFCB3DCF-9989-497D-8CFB-08B2B681065A}.Release|Any CPU.Build.0 = Release|Any CPU
		{DFCB3DCF-9989-497D-8CFB-08B2B681065A}.Release|ARM.ActiveCfg = Release|ARM
		{DFCB3DCF-9989-497D-8CFB-08B2B681065A}.Release|ARM.Build.0 = Release|ARM
		{DFCB3DCF-9989-497D-8CFB-08B2B681065A}.Release|x64.ActiveCfg = Release|x64
		{DFCB3DCF-9989-497D-8CFB-08B2B681065A}.Release|x64.Build.0 = Release|x64
		{DFCB3DCF-9989-497D-8CFB-08B2B681065A}.Release|x86.ActiveCfg = Release|x86
		{DFCB3DCF-9989-497D-8CFB-08B2B681065A}.Release|x86.Build.0 = Release|x86
		{5DDFAB3E-CD2E-4BA7-9EEF-C2424ABA77BD}.Debug|Any CPU.ActiveCfg = Debug|x86
		{5DDFAB3E-CD2E-4BA7-9EEF-C2424ABA77BD}.Debug|ARM.ActiveCfg = Debug|ARM
		{5DDFAB3E-CD2E-4BA7-9EEF-C2424ABA77BD}.Debug|ARM.Build.0 = Debug|ARM
		{5DDFAB3E-CD2E-4BA7-9EEF-C2424ABA77BD}.Debug|ARM.Deploy.0 = Debug|ARM
		{5DDFAB3E-CD2E-4BA7-9EEF-C2424ABA77BD}.Debug|x64.ActiveCfg = Debug|x64
		{5DDFAB3E-CD2E-4BA7-9EEF-C2424ABA77BD}.Debug|x64.Build.0 = Debug|x64
		{5DDFAB3E-CD2E-4BA7-9EEF-C2424ABA77BD}.Debug|x64.Deploy.0 = Debug|x64
		{5DDFAB3E-CD2E-4BA7-9EEF-C2424ABA77BD}.Debug|x86.ActiveCfg = Debug|x86
		{5DDFAB3E-CD2E-4BA7-9EEF-C2424ABA77BD}.Debug|x86.Build.0 = Debug|x86
		{5DDFAB3E-CD2E-4BA7-9EEF-C2424ABA77BD}.Debug|x86.Deploy.0 = Debug|x86
		{5DDFAB3E-CD2E-4BA7-9EEF-C2424ABA77BD}.Release|Any CPU.ActiveCfg = Release|x86
		{5DDFAB3E-CD2E-4BA7-9EEF-C2424ABA77BD}.Release|ARM.ActiveCfg = Release|ARM
		{5DDFAB3E-CD2E-4BA7-9EEF-C2424ABA77BD}.Release|ARM.Build.0 = Release|ARM
		{5DDFAB3E-CD2E-4BA7-9EEF-C2424ABA77BD}.Release|ARM.Deploy.0 = Release|ARM
		{5DDFAB3E-CD2E-4BA7-9EEF-C2424ABA77BD}.Release|x64.ActiveCfg = Release|x64
		{5DDFAB3E-CD2E-4BA7-9EEF-C2424ABA77BD}.Release|x64.Build.0 = Release|x64
		{5DDFAB3E-CD2E-4BA7-9EEF-C2424ABA77BD}.Release|x64.Deploy.0 = Release|x64
		{5DDFAB3E-CD2E-4BA7-9EEF-C2424ABA77BD}.Release|x86.ActiveCfg = Release|x86
		{5DDFAB3E-CD2E-4BA7-9EEF-C2424ABA77BD}.Release|x86.Build.0 = Release|x86
		{5DDFAB3E-CD2E-4BA7-9EEF-C2424ABA77BD}.Release|x86.Deploy.0 = Release|x86
	EndGlobalSection
	GlobalSection(SolutionProperties) = preSolution
		HideSolutionNode = FALSE
	EndGlobalSection
EndGlobal
